
Microsoft Visual Studio Solution File, Format Version 11.00
# Visual Studio 2010
Project("{8BC9CEB8-8B4A-11D0-8D11-00A0C91BC942}") = "defaultAdapter", "defaultAdapter.vcxproj", "{5853CDC6-170A-4B01-8D2C-470399A17619}"
EndProject
Global
	GlobalSection(SolutionConfigurationPlatforms) = preSolution
		Debug|Win32 = Debug|Win32
		Release|Win32 = Release|Win32
	EndGlobalSection
	GlobalSection(ProjectConfigurationPlatforms) = postSolution
		{5853CDC6-170A-4B01-8D2C-470399A17619}.Debug|Win32.ActiveCfg = Debug|Win32
		{5853CDC6-170A-4B01-8D2C-470399A17619}.Debug|Win32.Build.0 = Debug|Win32
		{5853CDC6-170A-4B01-8D2C-470399A17619}.Release|Win32.ActiveCfg = Release|Win32
		{5853CDC6-170A-4B01-8D2C-470399A17619}.Release|Win32.Build.0 = Release|Win32
	EndGlobalSection
	GlobalSection(SolutionProperties) = preSolution
		HideSolutionNode = FALSE
	EndGlobalSection
EndGlobal
