
Microsoft Visual Studio Solution File, Format Version 11.00
# Visual Studio 2010
Project("{8BC9CEB8-8B4A-11D0-8D11-00A0C91BC942}") = "readwritefile", "readwritefile.vcxproj", "{E32455F9-3018-411D-AEF3-84154AC063CD}"
EndProject
Global
	GlobalSection(SolutionConfigurationPlatforms) = preSolution
		Debug|Win32 = Debug|Win32
		Release|Win32 = Release|Win32
	EndGlobalSection
	GlobalSection(ProjectConfigurationPlatforms) = postSolution
		{E32455F9-3018-411D-AEF3-84154AC063CD}.Debug|Win32.ActiveCfg = Debug|Win32
		{E32455F9-3018-411D-AEF3-84154AC063CD}.Debug|Win32.Build.0 = Debug|Win32
		{E32455F9-3018-411D-AEF3-84154AC063CD}.Release|Win32.ActiveCfg = Release|Win32
		{E32455F9-3018-411D-AEF3-84154AC063CD}.Release|Win32.Build.0 = Release|Win32
	EndGlobalSection
	GlobalSection(SolutionProperties) = preSolution
		HideSolutionNode = FALSE
	EndGlobalSection
EndGlobal
