
Microsoft Visual Studio Solution File, Format Version 11.00
# Visual Studio 2010
Project("{8BC9CEB8-8B4A-11D0-8D11-00A0C91BC942}") = "regexp", "regexp.vcxproj", "{39799C04-6C46-4B40-AE91-22D170B43D41}"
EndProject
Global
	GlobalSection(SolutionConfigurationPlatforms) = preSolution
		Debug|Win32 = Debug|Win32
		Release|Win32 = Release|Win32
	EndGlobalSection
	GlobalSection(ProjectConfigurationPlatforms) = postSolution
		{39799C04-6C46-4B40-AE91-22D170B43D41}.Debug|Win32.ActiveCfg = Debug|Win32
		{39799C04-6C46-4B40-AE91-22D170B43D41}.Debug|Win32.Build.0 = Debug|Win32
		{39799C04-6C46-4B40-AE91-22D170B43D41}.Release|Win32.ActiveCfg = Release|Win32
		{39799C04-6C46-4B40-AE91-22D170B43D41}.Release|Win32.Build.0 = Release|Win32
	EndGlobalSection
	GlobalSection(SolutionProperties) = preSolution
		HideSolutionNode = FALSE
	EndGlobalSection
EndGlobal
